
Microsoft Visual Studio Solution File, Format Version 12.00
# Visual Studio Version 17
VisualStudioVersion = 17.9.34622.214
MinimumVisualStudioVersion = 10.0.40219.1
Project("{FAE04EC0-301F-11D3-BF4B-00C04F79EFBC}") = "QueueApplication", "QueueApplication\QueueApplication.csproj", "{B853E5D8-B7EE-43C0-BB92-9FF4FA821599}"
EndProject
Project("{FAE04EC0-301F-11D3-BF4B-00C04F79EFBC}") = "TestQueue", "TestQueue\TestQueue.csproj", "{A8D5D1AF-CFD1-4954-8FC6-8F2432A0A7B4}"
EndProject
Global
	GlobalSection(SolutionConfigurationPlatforms) = preSolution
		Debug|Any CPU = Debug|Any CPU
		Release|Any CPU = Release|Any CPU
	EndGlobalSection
	GlobalSection(ProjectConfigurationPlatforms) = postSolution
		{B853E5D8-B7EE-43C0-BB92-9FF4FA821599}.Debug|Any CPU.ActiveCfg = Debug|Any CPU
		{B853E5D8-B7EE-43C0-BB92-9FF4FA821599}.Debug|Any CPU.Build.0 = Debug|Any CPU
		{B853E5D8-B7EE-43C0-BB92-9FF4FA821599}.Release|Any CPU.ActiveCfg = Release|Any CPU
		{B853E5D8-B7EE-43C0-BB92-9FF4FA821599}.Release|Any CPU.Build.0 = Release|Any CPU
		{A8D5D1AF-CFD1-4954-8FC6-8F2432A0A7B4}.Debug|Any CPU.ActiveCfg = Debug|Any CPU
		{A8D5D1AF-CFD1-4954-8FC6-8F2432A0A7B4}.Debug|Any CPU.Build.0 = Debug|Any CPU
		{A8D5D1AF-CFD1-4954-8FC6-8F2432A0A7B4}.Release|Any CPU.ActiveCfg = Release|Any CPU
		{A8D5D1AF-CFD1-4954-8FC6-8F2432A0A7B4}.Release|Any CPU.Build.0 = Release|Any CPU
	EndGlobalSection
	GlobalSection(SolutionProperties) = preSolution
		HideSolutionNode = FALSE
	EndGlobalSection
	GlobalSection(ExtensibilityGlobals) = postSolution
		SolutionGuid = {255BD7FE-3314-4E62-8C5E-6C4FED8028CB}
	EndGlobalSection
EndGlobal
